
Microsoft Visual Studio Solution File, Format Version 11.00
# Visual Studio 2010
Project("{8BC9CEB8-8B4A-11D0-8D11-00A0C91BC942}") = "KeyView2", "KeyView2.vcxproj", "{965631E0-66D9-4B98-B569-0D21180EA6CE}"
EndProject
Global
	GlobalSection(SolutionConfigurationPlatforms) = preSolution
		ANSI|Win32 = ANSI|Win32
		Unicode|Win32 = Unicode|Win32
	EndGlobalSection
	GlobalSection(ProjectConfigurationPlatforms) = postSolution
		{965631E0-66D9-4B98-B569-0D21180EA6CE}.ANSI|Win32.ActiveCfg = ANSI|Win32
		{965631E0-66D9-4B98-B569-0D21180EA6CE}.ANSI|Win32.Build.0 = ANSI|Win32
		{965631E0-66D9-4B98-B569-0D21180EA6CE}.Unicode|Win32.ActiveCfg = Unicode|Win32
		{965631E0-66D9-4B98-B569-0D21180EA6CE}.Unicode|Win32.Build.0 = Unicode|Win32
	EndGlobalSection
	GlobalSection(SolutionProperties) = preSolution
		HideSolutionNode = FALSE
	EndGlobalSection
EndGlobal
