
Microsoft Visual Studio Solution File, Format Version 12.00
# Visual Studio 2010
Project("{8BC9CEB8-8B4A-11D0-8D11-00A0C91BC942}") = "ConscpLab", "conscplab.vcxproj", "{20220814-0000-0000-0000-140419000001}"
EndProject
Project("{8BC9CEB8-8B4A-11D0-8D11-00A0C91BC942}") = "codepageinfo", "codepageinfo.vcxproj", "{25319E86-B84F-4BAD-A71D-BF64FC84E223}"
EndProject
Project("{8BC9CEB8-8B4A-11D0-8D11-00A0C91BC942}") = "EnumLocale", "EnumLocale.vcxproj", "{F6DD1F2F-FE72-48AF-9F92-48C6B815961A}"
EndProject
Project("{8BC9CEB8-8B4A-11D0-8D11-00A0C91BC942}") = "DefaultLocales", "DefaultLocales.vcxproj", "{4712B06C-48F9-463E-B770-3F48A61A915A}"
EndProject
Project("{8BC9CEB8-8B4A-11D0-8D11-00A0C91BC942}") = "EnumLocale-winxp", "EnumLocale-winxp.vcxproj", "{C12FAC82-5B98-4FB5-9DBF-F67E8CD76CE7}"
EndProject
Project("{8BC9CEB8-8B4A-11D0-8D11-00A0C91BC942}") = "setlocale01", "setlocale01.vcxproj", "{20220927-0000-0000-0000-134646000001}"
EndProject
Global
	GlobalSection(SolutionConfigurationPlatforms) = preSolution
		Debug|Win32 = Debug|Win32
		Debug|x64 = Debug|x64
		Release|Win32 = Release|Win32
		Release|x64 = Release|x64
		vs2019 Debug|Win32 = vs2019 Debug|Win32
		vs2019 Debug|x64 = vs2019 Debug|x64
		vs2019 Release|Win32 = vs2019 Release|Win32
		vs2019 Release|x64 = vs2019 Release|x64
	EndGlobalSection
	GlobalSection(ProjectConfigurationPlatforms) = postSolution
		{20220814-0000-0000-0000-140419000001}.Debug|Win32.ActiveCfg = Debug|Win32
		{20220814-0000-0000-0000-140419000001}.Debug|Win32.Build.0 = Debug|Win32
		{20220814-0000-0000-0000-140419000001}.Debug|x64.ActiveCfg = Debug|x64
		{20220814-0000-0000-0000-140419000001}.Debug|x64.Build.0 = Debug|x64
		{20220814-0000-0000-0000-140419000001}.Release|Win32.ActiveCfg = Release|Win32
		{20220814-0000-0000-0000-140419000001}.Release|Win32.Build.0 = Release|Win32
		{20220814-0000-0000-0000-140419000001}.Release|x64.ActiveCfg = Release|x64
		{20220814-0000-0000-0000-140419000001}.Release|x64.Build.0 = Release|x64
		{20220814-0000-0000-0000-140419000001}.vs2019 Debug|Win32.ActiveCfg = vs2019 Debug|Win32
		{20220814-0000-0000-0000-140419000001}.vs2019 Debug|Win32.Build.0 = vs2019 Debug|Win32
		{20220814-0000-0000-0000-140419000001}.vs2019 Debug|x64.ActiveCfg = vs2019 Debug|x64
		{20220814-0000-0000-0000-140419000001}.vs2019 Debug|x64.Build.0 = vs2019 Debug|x64
		{20220814-0000-0000-0000-140419000001}.vs2019 Release|Win32.ActiveCfg = vs2019 Release|Win32
		{20220814-0000-0000-0000-140419000001}.vs2019 Release|Win32.Build.0 = vs2019 Release|Win32
		{20220814-0000-0000-0000-140419000001}.vs2019 Release|x64.ActiveCfg = vs2019 Debug|x64
		{20220814-0000-0000-0000-140419000001}.vs2019 Release|x64.Build.0 = vs2019 Debug|x64
		{25319E86-B84F-4BAD-A71D-BF64FC84E223}.Debug|Win32.ActiveCfg = Debug|Win32
		{25319E86-B84F-4BAD-A71D-BF64FC84E223}.Debug|Win32.Build.0 = Debug|Win32
		{25319E86-B84F-4BAD-A71D-BF64FC84E223}.Debug|x64.ActiveCfg = Debug|x64
		{25319E86-B84F-4BAD-A71D-BF64FC84E223}.Debug|x64.Build.0 = Debug|x64
		{25319E86-B84F-4BAD-A71D-BF64FC84E223}.Release|Win32.ActiveCfg = Release|Win32
		{25319E86-B84F-4BAD-A71D-BF64FC84E223}.Release|Win32.Build.0 = Release|Win32
		{25319E86-B84F-4BAD-A71D-BF64FC84E223}.Release|x64.ActiveCfg = Release|x64
		{25319E86-B84F-4BAD-A71D-BF64FC84E223}.Release|x64.Build.0 = Release|x64
		{25319E86-B84F-4BAD-A71D-BF64FC84E223}.vs2019 Debug|Win32.ActiveCfg = Debug|Win32
		{25319E86-B84F-4BAD-A71D-BF64FC84E223}.vs2019 Debug|Win32.Build.0 = Debug|Win32
		{25319E86-B84F-4BAD-A71D-BF64FC84E223}.vs2019 Debug|x64.ActiveCfg = Debug|x64
		{25319E86-B84F-4BAD-A71D-BF64FC84E223}.vs2019 Debug|x64.Build.0 = Debug|x64
		{25319E86-B84F-4BAD-A71D-BF64FC84E223}.vs2019 Release|Win32.ActiveCfg = Release|Win32
		{25319E86-B84F-4BAD-A71D-BF64FC84E223}.vs2019 Release|Win32.Build.0 = Release|Win32
		{25319E86-B84F-4BAD-A71D-BF64FC84E223}.vs2019 Release|x64.ActiveCfg = Release|x64
		{25319E86-B84F-4BAD-A71D-BF64FC84E223}.vs2019 Release|x64.Build.0 = Release|x64
		{F6DD1F2F-FE72-48AF-9F92-48C6B815961A}.Debug|Win32.ActiveCfg = Debug|Win32
		{F6DD1F2F-FE72-48AF-9F92-48C6B815961A}.Debug|Win32.Build.0 = Debug|Win32
		{F6DD1F2F-FE72-48AF-9F92-48C6B815961A}.Debug|x64.ActiveCfg = Debug|x64
		{F6DD1F2F-FE72-48AF-9F92-48C6B815961A}.Debug|x64.Build.0 = Debug|x64
		{F6DD1F2F-FE72-48AF-9F92-48C6B815961A}.Release|Win32.ActiveCfg = Release|Win32
		{F6DD1F2F-FE72-48AF-9F92-48C6B815961A}.Release|Win32.Build.0 = Release|Win32
		{F6DD1F2F-FE72-48AF-9F92-48C6B815961A}.Release|x64.ActiveCfg = Release|x64
		{F6DD1F2F-FE72-48AF-9F92-48C6B815961A}.Release|x64.Build.0 = Release|x64
		{F6DD1F2F-FE72-48AF-9F92-48C6B815961A}.vs2019 Debug|Win32.ActiveCfg = Debug|Win32
		{F6DD1F2F-FE72-48AF-9F92-48C6B815961A}.vs2019 Debug|Win32.Build.0 = Debug|Win32
		{F6DD1F2F-FE72-48AF-9F92-48C6B815961A}.vs2019 Debug|x64.ActiveCfg = Debug|x64
		{F6DD1F2F-FE72-48AF-9F92-48C6B815961A}.vs2019 Debug|x64.Build.0 = Debug|x64
		{F6DD1F2F-FE72-48AF-9F92-48C6B815961A}.vs2019 Release|Win32.ActiveCfg = Release|Win32
		{F6DD1F2F-FE72-48AF-9F92-48C6B815961A}.vs2019 Release|Win32.Build.0 = Release|Win32
		{F6DD1F2F-FE72-48AF-9F92-48C6B815961A}.vs2019 Release|x64.ActiveCfg = Release|x64
		{F6DD1F2F-FE72-48AF-9F92-48C6B815961A}.vs2019 Release|x64.Build.0 = Release|x64
		{4712B06C-48F9-463E-B770-3F48A61A915A}.Debug|Win32.ActiveCfg = Debug|Win32
		{4712B06C-48F9-463E-B770-3F48A61A915A}.Debug|Win32.Build.0 = Debug|Win32
		{4712B06C-48F9-463E-B770-3F48A61A915A}.Debug|x64.ActiveCfg = Debug|x64
		{4712B06C-48F9-463E-B770-3F48A61A915A}.Debug|x64.Build.0 = Debug|x64
		{4712B06C-48F9-463E-B770-3F48A61A915A}.Release|Win32.ActiveCfg = Release|Win32
		{4712B06C-48F9-463E-B770-3F48A61A915A}.Release|Win32.Build.0 = Release|Win32
		{4712B06C-48F9-463E-B770-3F48A61A915A}.Release|x64.ActiveCfg = Release|x64
		{4712B06C-48F9-463E-B770-3F48A61A915A}.Release|x64.Build.0 = Release|x64
		{4712B06C-48F9-463E-B770-3F48A61A915A}.vs2019 Debug|Win32.ActiveCfg = vs2019 Debug|Win32
		{4712B06C-48F9-463E-B770-3F48A61A915A}.vs2019 Debug|Win32.Build.0 = vs2019 Debug|Win32
		{4712B06C-48F9-463E-B770-3F48A61A915A}.vs2019 Debug|x64.ActiveCfg = vs2019 Debug|x64
		{4712B06C-48F9-463E-B770-3F48A61A915A}.vs2019 Debug|x64.Build.0 = vs2019 Debug|x64
		{4712B06C-48F9-463E-B770-3F48A61A915A}.vs2019 Release|Win32.ActiveCfg = vs2019 Release|Win32
		{4712B06C-48F9-463E-B770-3F48A61A915A}.vs2019 Release|Win32.Build.0 = vs2019 Release|Win32
		{4712B06C-48F9-463E-B770-3F48A61A915A}.vs2019 Release|x64.ActiveCfg = vs2019 Release|x64
		{4712B06C-48F9-463E-B770-3F48A61A915A}.vs2019 Release|x64.Build.0 = vs2019 Release|x64
		{C12FAC82-5B98-4FB5-9DBF-F67E8CD76CE7}.Debug|Win32.ActiveCfg = Debug|Win32
		{C12FAC82-5B98-4FB5-9DBF-F67E8CD76CE7}.Debug|Win32.Build.0 = Debug|Win32
		{C12FAC82-5B98-4FB5-9DBF-F67E8CD76CE7}.Debug|x64.ActiveCfg = Debug|x64
		{C12FAC82-5B98-4FB5-9DBF-F67E8CD76CE7}.Debug|x64.Build.0 = Debug|x64
		{C12FAC82-5B98-4FB5-9DBF-F67E8CD76CE7}.Release|Win32.ActiveCfg = Release|Win32
		{C12FAC82-5B98-4FB5-9DBF-F67E8CD76CE7}.Release|Win32.Build.0 = Release|Win32
		{C12FAC82-5B98-4FB5-9DBF-F67E8CD76CE7}.Release|x64.ActiveCfg = Release|x64
		{C12FAC82-5B98-4FB5-9DBF-F67E8CD76CE7}.Release|x64.Build.0 = Release|x64
		{C12FAC82-5B98-4FB5-9DBF-F67E8CD76CE7}.vs2019 Debug|Win32.ActiveCfg = Debug|Win32
		{C12FAC82-5B98-4FB5-9DBF-F67E8CD76CE7}.vs2019 Debug|Win32.Build.0 = Debug|Win32
		{C12FAC82-5B98-4FB5-9DBF-F67E8CD76CE7}.vs2019 Debug|x64.ActiveCfg = Debug|x64
		{C12FAC82-5B98-4FB5-9DBF-F67E8CD76CE7}.vs2019 Debug|x64.Build.0 = Debug|x64
		{C12FAC82-5B98-4FB5-9DBF-F67E8CD76CE7}.vs2019 Release|Win32.ActiveCfg = Release|Win32
		{C12FAC82-5B98-4FB5-9DBF-F67E8CD76CE7}.vs2019 Release|Win32.Build.0 = Release|Win32
		{C12FAC82-5B98-4FB5-9DBF-F67E8CD76CE7}.vs2019 Release|x64.ActiveCfg = Release|x64
		{C12FAC82-5B98-4FB5-9DBF-F67E8CD76CE7}.vs2019 Release|x64.Build.0 = Release|x64
		{20220927-0000-0000-0000-134646000001}.Debug|Win32.ActiveCfg = Debug|Win32
		{20220927-0000-0000-0000-134646000001}.Debug|Win32.Build.0 = Debug|Win32
		{20220927-0000-0000-0000-134646000001}.Debug|x64.ActiveCfg = Debug|x64
		{20220927-0000-0000-0000-134646000001}.Debug|x64.Build.0 = Debug|x64
		{20220927-0000-0000-0000-134646000001}.Release|Win32.ActiveCfg = Release|Win32
		{20220927-0000-0000-0000-134646000001}.Release|Win32.Build.0 = Release|Win32
		{20220927-0000-0000-0000-134646000001}.Release|x64.ActiveCfg = Release|x64
		{20220927-0000-0000-0000-134646000001}.Release|x64.Build.0 = Release|x64
		{20220927-0000-0000-0000-134646000001}.vs2019 Debug|Win32.ActiveCfg = vs2019 Debug|Win32
		{20220927-0000-0000-0000-134646000001}.vs2019 Debug|Win32.Build.0 = vs2019 Debug|Win32
		{20220927-0000-0000-0000-134646000001}.vs2019 Debug|x64.ActiveCfg = vs2019 Debug|x64
		{20220927-0000-0000-0000-134646000001}.vs2019 Debug|x64.Build.0 = vs2019 Debug|x64
		{20220927-0000-0000-0000-134646000001}.vs2019 Release|Win32.ActiveCfg = vs2019 Release|Win32
		{20220927-0000-0000-0000-134646000001}.vs2019 Release|Win32.Build.0 = vs2019 Release|Win32
		{20220927-0000-0000-0000-134646000001}.vs2019 Release|x64.ActiveCfg = vs2019 Release|x64
		{20220927-0000-0000-0000-134646000001}.vs2019 Release|x64.Build.0 = vs2019 Release|x64
	EndGlobalSection
	GlobalSection(SolutionProperties) = preSolution
		HideSolutionNode = FALSE
	EndGlobalSection
	GlobalSection(ExtensibilityGlobals) = postSolution
		SolutionGuid = {C9D3C5E3-F652-4C6F-B312-FB430A5E83B0}
	EndGlobalSection
EndGlobal
